
Microsoft Visual Studio Solution File, Format Version 12.00
# Visual Studio Version 17
VisualStudioVersion = 17.2.32602.215
MinimumVisualStudioVersion = 10.0.40219.1
Project("{FAE04EC0-301F-11D3-BF4B-00C04F79EFBC}") = "PlayingCards", "Poker\PlayingCards.csproj", "{84166ABA-58E6-4B2C-9C87-1B18FA912742}"
EndProject
Global
	GlobalSection(SolutionConfigurationPlatforms) = preSolution
		Debug|Any CPU = Debug|Any CPU
		Release|Any CPU = Release|Any CPU
	EndGlobalSection
	GlobalSection(ProjectConfigurationPlatforms) = postSolution
		{84166ABA-58E6-4B2C-9C87-1B18FA912742}.Debug|Any CPU.ActiveCfg = Debug|Any CPU
		{84166ABA-58E6-4B2C-9C87-1B18FA912742}.Debug|Any CPU.Build.0 = Debug|Any CPU
		{84166ABA-58E6-4B2C-9C87-1B18FA912742}.Release|Any CPU.ActiveCfg = Release|Any CPU
		{84166ABA-58E6-4B2C-9C87-1B18FA912742}.Release|Any CPU.Build.0 = Release|Any CPU
	EndGlobalSection
	GlobalSection(SolutionProperties) = preSolution
		HideSolutionNode = FALSE
	EndGlobalSection
	GlobalSection(ExtensibilityGlobals) = postSolution
		SolutionGuid = {A86CAFAE-42ED-44A0-98D9-BB09989687AF}
	EndGlobalSection
EndGlobal
